
Microsoft Visual Studio Solution File, Format Version 12.00
# Visual Studio 15
VisualStudioVersion = 15.0.27428.2037
MinimumVisualStudioVersion = 10.0.40219.1
Project("{FAE04EC0-301F-11D3-BF4B-00C04F79EFBC}") = "WindowsFormsApp4", "WindowsFormsApp4\WindowsFormsApp4.csproj", "{2BBA2236-0DBA-477D-AADD-C6F2CDD578D2}"
EndProject
Global
	GlobalSection(SolutionConfigurationPlatforms) = preSolution
		Debug|Any CPU = Debug|Any CPU
		Release|Any CPU = Release|Any CPU
	EndGlobalSection
	GlobalSection(ProjectConfigurationPlatforms) = postSolution
		{2BBA2236-0DBA-477D-AADD-C6F2CDD578D2}.Debug|Any CPU.ActiveCfg = Debug|Any CPU
		{2BBA2236-0DBA-477D-AADD-C6F2CDD578D2}.Debug|Any CPU.Build.0 = Debug|Any CPU
		{2BBA2236-0DBA-477D-AADD-C6F2CDD578D2}.Release|Any CPU.ActiveCfg = Release|Any CPU
		{2BBA2236-0DBA-477D-AADD-C6F2CDD578D2}.Release|Any CPU.Build.0 = Release|Any CPU
	EndGlobalSection
	GlobalSection(SolutionProperties) = preSolution
		HideSolutionNode = FALSE
	EndGlobalSection
	GlobalSection(ExtensibilityGlobals) = postSolution
		SolutionGuid = {C493BFFA-1FD3-49A2-BC25-5B646D44D789}
	EndGlobalSection
EndGlobal
